
Microsoft Visual Studio Solution File, Format Version 12.00
# Visual Studio Version 17
VisualStudioVersion = 17.4.33205.214
MinimumVisualStudioVersion = 10.0.40219.1
Project("{9A19103F-16F7-4668-BE54-9A1E7A4F7556}") = "MicaFontCutter", "MicaFontCutter.csproj", "{95B06E5C-D730-4D61-96FE-E4D7C20C6E76}"
EndProject
Global
	GlobalSection(SolutionConfigurationPlatforms) = preSolution
		Debug|Any CPU = Debug|Any CPU
		Release|Any CPU = Release|Any CPU
	EndGlobalSection
	GlobalSection(ProjectConfigurationPlatforms) = postSolution
		{95B06E5C-D730-4D61-96FE-E4D7C20C6E76}.Debug|Any CPU.ActiveCfg = Debug|Any CPU
		{95B06E5C-D730-4D61-96FE-E4D7C20C6E76}.Debug|Any CPU.Build.0 = Debug|Any CPU
		{95B06E5C-D730-4D61-96FE-E4D7C20C6E76}.Release|Any CPU.ActiveCfg = Release|Any CPU
		{95B06E5C-D730-4D61-96FE-E4D7C20C6E76}.Release|Any CPU.Build.0 = Release|Any CPU
	EndGlobalSection
	GlobalSection(SolutionProperties) = preSolution
		HideSolutionNode = FALSE
	EndGlobalSection
	GlobalSection(ExtensibilityGlobals) = postSolution
		SolutionGuid = {62B44F9A-5F85-4BE1-8B8F-B28090C1A163}
	EndGlobalSection
EndGlobal
