
Microsoft Visual Studio Solution File, Format Version 12.00
# Visual Studio Version 17
VisualStudioVersion = 17.4.33205.214
MinimumVisualStudioVersion = 10.0.40219.1
Project("{9A19103F-16F7-4668-BE54-9A1E7A4F7556}") = "MicaSetup", "..\build\MicaSetup\MicaSetup.csproj", "{A8F05DC8-59D6-43B0-B8CD-D9DF1A60736C}"
EndProject
Project("{9A19103F-16F7-4668-BE54-9A1E7A4F7556}") = "MicaSetup.Uninst", "..\build\MicaSetup\MicaSetup.Uninst.csproj", "{2EBCFD95-5926-4C99-A033-5BD88314C8AF}"
EndProject
Project("{2150E333-8FDC-42A3-9474-1A3956D46DE8}") = "Deploy", "Deploy", "{24F56013-5D6A-453F-B6A0-46E8F9226703}"
EndProject
Project("{9A19103F-16F7-4668-BE54-9A1E7A4F7556}") = "MicaApp", "MicaApp\MicaApp.csproj", "{FEB1068F-89BA-48FF-ADBC-54AB9169C2EB}"
EndProject
Project("{2150E333-8FDC-42A3-9474-1A3956D46DE8}") = "Tools", "Tools", "{A4B4936D-02F8-4D9F-A441-51FDF1983EE0}"
EndProject
Project("{9A19103F-16F7-4668-BE54-9A1E7A4F7556}") = "MakeIcon", "..\build\MicaSetup.Tools\MakeIcon\MakeIcon.csproj", "{8F560E01-AFAC-4A79-927C-F791EE401181}"
EndProject
Project("{9A19103F-16F7-4668-BE54-9A1E7A4F7556}") = "MakeMica", "..\build\MicaSetup.Tools\MakeMica\MakeMica.csproj", "{90E97BF5-8462-4A14-877A-F11B71E12C2D}"
EndProject
Project("{9A19103F-16F7-4668-BE54-9A1E7A4F7556}") = "MakeMica.Cli", "..\build\MicaSetup.Tools\MakeMica.Cli\MakeMica.Cli.csproj", "{D07191A1-8C70-4951-8DF3-7094F137EFD0}"
EndProject
Project("{D954291E-2A0B-460D-934E-DC6B0785DB48}") = "MakeMica.Shared", "..\build\MicaSetup.Tools\MakeMica.Shared\MakeMica.Shared.shproj", "{D9649F16-8BD5-4268-8CF8-952C8909795A}"
EndProject
Global
	GlobalSection(SolutionConfigurationPlatforms) = preSolution
		Debug|Any CPU = Debug|Any CPU
		Debug|x64 = Debug|x64
		Release|Any CPU = Release|Any CPU
		Release|x64 = Release|x64
	EndGlobalSection
	GlobalSection(ProjectConfigurationPlatforms) = postSolution
		{A8F05DC8-59D6-43B0-B8CD-D9DF1A60736C}.Debug|Any CPU.ActiveCfg = Debug|Any CPU
		{A8F05DC8-59D6-43B0-B8CD-D9DF1A60736C}.Debug|Any CPU.Build.0 = Debug|Any CPU
		{A8F05DC8-59D6-43B0-B8CD-D9DF1A60736C}.Debug|x64.ActiveCfg = Debug|x64
		{A8F05DC8-59D6-43B0-B8CD-D9DF1A60736C}.Debug|x64.Build.0 = Debug|x64
		{A8F05DC8-59D6-43B0-B8CD-D9DF1A60736C}.Release|Any CPU.ActiveCfg = Release|Any CPU
		{A8F05DC8-59D6-43B0-B8CD-D9DF1A60736C}.Release|Any CPU.Build.0 = Release|Any CPU
		{A8F05DC8-59D6-43B0-B8CD-D9DF1A60736C}.Release|x64.ActiveCfg = Release|x64
		{A8F05DC8-59D6-43B0-B8CD-D9DF1A60736C}.Release|x64.Build.0 = Release|x64
		{2EBCFD95-5926-4C99-A033-5BD88314C8AF}.Debug|Any CPU.ActiveCfg = Debug|Any CPU
		{2EBCFD95-5926-4C99-A033-5BD88314C8AF}.Debug|Any CPU.Build.0 = Debug|Any CPU
		{2EBCFD95-5926-4C99-A033-5BD88314C8AF}.Debug|x64.ActiveCfg = Debug|x64
		{2EBCFD95-5926-4C99-A033-5BD88314C8AF}.Debug|x64.Build.0 = Debug|x64
		{2EBCFD95-5926-4C99-A033-5BD88314C8AF}.Release|Any CPU.ActiveCfg = Release|Any CPU
		{2EBCFD95-5926-4C99-A033-5BD88314C8AF}.Release|Any CPU.Build.0 = Release|Any CPU
		{2EBCFD95-5926-4C99-A033-5BD88314C8AF}.Release|x64.ActiveCfg = Release|x64
		{2EBCFD95-5926-4C99-A033-5BD88314C8AF}.Release|x64.Build.0 = Release|x64
		{FEB1068F-89BA-48FF-ADBC-54AB9169C2EB}.Debug|Any CPU.ActiveCfg = Debug|Any CPU
		{FEB1068F-89BA-48FF-ADBC-54AB9169C2EB}.Debug|Any CPU.Build.0 = Debug|Any CPU
		{FEB1068F-89BA-48FF-ADBC-54AB9169C2EB}.Debug|x64.ActiveCfg = Debug|x64
		{FEB1068F-89BA-48FF-ADBC-54AB9169C2EB}.Debug|x64.Build.0 = Debug|x64
		{FEB1068F-89BA-48FF-ADBC-54AB9169C2EB}.Release|Any CPU.ActiveCfg = Release|Any CPU
		{FEB1068F-89BA-48FF-ADBC-54AB9169C2EB}.Release|Any CPU.Build.0 = Release|Any CPU
		{FEB1068F-89BA-48FF-ADBC-54AB9169C2EB}.Release|x64.ActiveCfg = Release|x64
		{FEB1068F-89BA-48FF-ADBC-54AB9169C2EB}.Release|x64.Build.0 = Release|x64
		{8F560E01-AFAC-4A79-927C-F791EE401181}.Debug|Any CPU.ActiveCfg = Debug|Any CPU
		{8F560E01-AFAC-4A79-927C-F791EE401181}.Debug|Any CPU.Build.0 = Debug|Any CPU
		{8F560E01-AFAC-4A79-927C-F791EE401181}.Debug|x64.ActiveCfg = Debug|Any CPU
		{8F560E01-AFAC-4A79-927C-F791EE401181}.Debug|x64.Build.0 = Debug|Any CPU
		{8F560E01-AFAC-4A79-927C-F791EE401181}.Release|Any CPU.ActiveCfg = Release|Any CPU
		{8F560E01-AFAC-4A79-927C-F791EE401181}.Release|Any CPU.Build.0 = Release|Any CPU
		{8F560E01-AFAC-4A79-927C-F791EE401181}.Release|x64.ActiveCfg = Release|Any CPU
		{8F560E01-AFAC-4A79-927C-F791EE401181}.Release|x64.Build.0 = Release|Any CPU
		{90E97BF5-8462-4A14-877A-F11B71E12C2D}.Debug|Any CPU.ActiveCfg = Debug|Any CPU
		{90E97BF5-8462-4A14-877A-F11B71E12C2D}.Debug|Any CPU.Build.0 = Debug|Any CPU
		{90E97BF5-8462-4A14-877A-F11B71E12C2D}.Debug|x64.ActiveCfg = Debug|Any CPU
		{90E97BF5-8462-4A14-877A-F11B71E12C2D}.Debug|x64.Build.0 = Debug|Any CPU
		{90E97BF5-8462-4A14-877A-F11B71E12C2D}.Release|Any CPU.ActiveCfg = Release|Any CPU
		{90E97BF5-8462-4A14-877A-F11B71E12C2D}.Release|Any CPU.Build.0 = Release|Any CPU
		{90E97BF5-8462-4A14-877A-F11B71E12C2D}.Release|x64.ActiveCfg = Release|Any CPU
		{90E97BF5-8462-4A14-877A-F11B71E12C2D}.Release|x64.Build.0 = Release|Any CPU
		{D07191A1-8C70-4951-8DF3-7094F137EFD0}.Debug|Any CPU.ActiveCfg = Debug|Any CPU
		{D07191A1-8C70-4951-8DF3-7094F137EFD0}.Debug|Any CPU.Build.0 = Debug|Any CPU
		{D07191A1-8C70-4951-8DF3-7094F137EFD0}.Debug|x64.ActiveCfg = Debug|Any CPU
		{D07191A1-8C70-4951-8DF3-7094F137EFD0}.Debug|x64.Build.0 = Debug|Any CPU
		{D07191A1-8C70-4951-8DF3-7094F137EFD0}.Release|Any CPU.ActiveCfg = Release|Any CPU
		{D07191A1-8C70-4951-8DF3-7094F137EFD0}.Release|Any CPU.Build.0 = Release|Any CPU
		{D07191A1-8C70-4951-8DF3-7094F137EFD0}.Release|x64.ActiveCfg = Release|Any CPU
		{D07191A1-8C70-4951-8DF3-7094F137EFD0}.Release|x64.Build.0 = Release|Any CPU
	EndGlobalSection
	GlobalSection(SolutionProperties) = preSolution
		HideSolutionNode = FALSE
	EndGlobalSection
	GlobalSection(NestedProjects) = preSolution
		{A8F05DC8-59D6-43B0-B8CD-D9DF1A60736C} = {24F56013-5D6A-453F-B6A0-46E8F9226703}
		{2EBCFD95-5926-4C99-A033-5BD88314C8AF} = {24F56013-5D6A-453F-B6A0-46E8F9226703}
		{8F560E01-AFAC-4A79-927C-F791EE401181} = {A4B4936D-02F8-4D9F-A441-51FDF1983EE0}
		{90E97BF5-8462-4A14-877A-F11B71E12C2D} = {A4B4936D-02F8-4D9F-A441-51FDF1983EE0}
		{D07191A1-8C70-4951-8DF3-7094F137EFD0} = {A4B4936D-02F8-4D9F-A441-51FDF1983EE0}
		{D9649F16-8BD5-4268-8CF8-952C8909795A} = {A4B4936D-02F8-4D9F-A441-51FDF1983EE0}
	EndGlobalSection
	GlobalSection(ExtensibilityGlobals) = postSolution
		SolutionGuid = {F356859C-CA7E-4434-BCDA-5BC25D53D330}
	EndGlobalSection
	GlobalSection(SharedMSBuildProjectFiles) = preSolution
		..\build\MicaSetup.Tools\MakeMica.Shared\MakeMica.Shared.projitems*{90e97bf5-8462-4a14-877a-f11b71e12c2d}*SharedItemsImports = 5
		..\build\MicaSetup.Tools\MakeMica.Shared\MakeMica.Shared.projitems*{d07191a1-8c70-4951-8df3-7094f137efd0}*SharedItemsImports = 5
		..\build\MicaSetup.Tools\MakeMica.Shared\MakeMica.Shared.projitems*{d9649f16-8bd5-4268-8cf8-952c8909795a}*SharedItemsImports = 13
	EndGlobalSection
EndGlobal
