
Microsoft Visual Studio Solution File, Format Version 12.00
# Visual Studio Version 17
VisualStudioVersion = 17.3.32819.101
MinimumVisualStudioVersion = 10.0.40219.1
Project("{FAE04EC0-301F-11D3-BF4B-00C04F79EFBC}") = "Squircle", "Squircle.csproj", "{8F3C7D2A-0337-4289-8BE3-86DE0ECD017C}"
EndProject
Global
	GlobalSection(SolutionConfigurationPlatforms) = preSolution
		Debug|Any CPU = Debug|Any CPU
		Release|Any CPU = Release|Any CPU
	EndGlobalSection
	GlobalSection(ProjectConfigurationPlatforms) = postSolution
		{8F3C7D2A-0337-4289-8BE3-86DE0ECD017C}.Debug|Any CPU.ActiveCfg = Debug|Any CPU
		{8F3C7D2A-0337-4289-8BE3-86DE0ECD017C}.Debug|Any CPU.Build.0 = Debug|Any CPU
		{8F3C7D2A-0337-4289-8BE3-86DE0ECD017C}.Release|Any CPU.ActiveCfg = Release|Any CPU
		{8F3C7D2A-0337-4289-8BE3-86DE0ECD017C}.Release|Any CPU.Build.0 = Release|Any CPU
	EndGlobalSection
	GlobalSection(SolutionProperties) = preSolution
		HideSolutionNode = FALSE
	EndGlobalSection
	GlobalSection(ExtensibilityGlobals) = postSolution
		SolutionGuid = {87419620-DFE4-45A1-84B2-97AD770DF30D}
	EndGlobalSection
EndGlobal
